
Microsoft Visual Studio Solution File, Format Version 12.00
# Visual Studio Version 16
VisualStudioVersion = 16.0.30225.117
MinimumVisualStudioVersion = 10.0.40219.1
Project("{FAE04EC0-301F-11D3-BF4B-00C04F79EFBC}") = "okiraPrism", "okiraPrism\okiraPrism\okiraPrism.csproj", "{F1F28A19-4374-4B31-83A8-BAA0AD94E617}"
EndProject
Project("{FAE04EC0-301F-11D3-BF4B-00C04F79EFBC}") = "okiraPrism.Android", "okiraPrism\okiraPrism.Android\okiraPrism.Android.csproj", "{CE633AAE-49B0-4E2E-810C-6E3DDDAF024F}"
EndProject
Project("{FAE04EC0-301F-11D3-BF4B-00C04F79EFBC}") = "okiraPrism.iOS", "okiraPrism\okiraPrism.iOS\okiraPrism.iOS.csproj", "{6A786D45-F49D-4D90-AD2C-DD3EF61BBFD3}"
EndProject
Global
	GlobalSection(SolutionConfigurationPlatforms) = preSolution
		Ad-Hoc|Any CPU = Ad-Hoc|Any CPU
		Ad-Hoc|iPhone = Ad-Hoc|iPhone
		Ad-Hoc|iPhoneSimulator = Ad-Hoc|iPhoneSimulator
		AppStore|Any CPU = AppStore|Any CPU
		AppStore|iPhone = AppStore|iPhone
		AppStore|iPhoneSimulator = AppStore|iPhoneSimulator
		Debug|Any CPU = Debug|Any CPU
		Debug|iPhone = Debug|iPhone
		Debug|iPhoneSimulator = Debug|iPhoneSimulator
		Release|Any CPU = Release|Any CPU
		Release|iPhone = Release|iPhone
		Release|iPhoneSimulator = Release|iPhoneSimulator
	EndGlobalSection
	GlobalSection(ProjectConfigurationPlatforms) = postSolution
		{F1F28A19-4374-4B31-83A8-BAA0AD94E617}.Ad-Hoc|Any CPU.ActiveCfg = Debug|Any CPU
		{F1F28A19-4374-4B31-83A8-BAA0AD94E617}.Ad-Hoc|Any CPU.Build.0 = Debug|Any CPU
		{F1F28A19-4374-4B31-83A8-BAA0AD94E617}.Ad-Hoc|iPhone.ActiveCfg = Debug|Any CPU
		{F1F28A19-4374-4B31-83A8-BAA0AD94E617}.Ad-Hoc|iPhone.Build.0 = Debug|Any CPU
		{F1F28A19-4374-4B31-83A8-BAA0AD94E617}.Ad-Hoc|iPhoneSimulator.ActiveCfg = Debug|Any CPU
		{F1F28A19-4374-4B31-83A8-BAA0AD94E617}.Ad-Hoc|iPhoneSimulator.Build.0 = Debug|Any CPU
		{F1F28A19-4374-4B31-83A8-BAA0AD94E617}.AppStore|Any CPU.ActiveCfg = Debug|Any CPU
		{F1F28A19-4374-4B31-83A8-BAA0AD94E617}.AppStore|Any CPU.Build.0 = Debug|Any CPU
		{F1F28A19-4374-4B31-83A8-BAA0AD94E617}.AppStore|iPhone.ActiveCfg = Debug|Any CPU
		{F1F28A19-4374-4B31-83A8-BAA0AD94E617}.AppStore|iPhone.Build.0 = Debug|Any CPU
		{F1F28A19-4374-4B31-83A8-BAA0AD94E617}.AppStore|iPhoneSimulator.ActiveCfg = Debug|Any CPU
		{F1F28A19-4374-4B31-83A8-BAA0AD94E617}.AppStore|iPhoneSimulator.Build.0 = Debug|Any CPU
		{F1F28A19-4374-4B31-83A8-BAA0AD94E617}.Debug|Any CPU.ActiveCfg = Debug|Any CPU
		{F1F28A19-4374-4B31-83A8-BAA0AD94E617}.Debug|Any CPU.Build.0 = Debug|Any CPU
		{F1F28A19-4374-4B31-83A8-BAA0AD94E617}.Debug|iPhone.ActiveCfg = Debug|Any CPU
		{F1F28A19-4374-4B31-83A8-BAA0AD94E617}.Debug|iPhone.Build.0 = Debug|Any CPU
		{F1F28A19-4374-4B31-83A8-BAA0AD94E617}.Debug|iPhoneSimulator.ActiveCfg = Debug|Any CPU
		{F1F28A19-4374-4B31-83A8-BAA0AD94E617}.Debug|iPhoneSimulator.Build.0 = Debug|Any CPU
		{F1F28A19-4374-4B31-83A8-BAA0AD94E617}.Release|Any CPU.ActiveCfg = Release|Any CPU
		{F1F28A19-4374-4B31-83A8-BAA0AD94E617}.Release|Any CPU.Build.0 = Release|Any CPU
		{F1F28A19-4374-4B31-83A8-BAA0AD94E617}.Release|iPhone.ActiveCfg = Release|Any CPU
		{F1F28A19-4374-4B31-83A8-BAA0AD94E617}.Release|iPhone.Build.0 = Release|Any CPU
		{F1F28A19-4374-4B31-83A8-BAA0AD94E617}.Release|iPhoneSimulator.ActiveCfg = Release|Any CPU
		{F1F28A19-4374-4B31-83A8-BAA0AD94E617}.Release|iPhoneSimulator.Build.0 = Release|Any CPU
		{CE633AAE-49B0-4E2E-810C-6E3DDDAF024F}.Ad-Hoc|Any CPU.ActiveCfg = Release|Any CPU
		{CE633AAE-49B0-4E2E-810C-6E3DDDAF024F}.Ad-Hoc|Any CPU.Build.0 = Release|Any CPU
		{CE633AAE-49B0-4E2E-810C-6E3DDDAF024F}.Ad-Hoc|Any CPU.Deploy.0 = Release|Any CPU
		{CE633AAE-49B0-4E2E-810C-6E3DDDAF024F}.Ad-Hoc|iPhone.ActiveCfg = Release|Any CPU
		{CE633AAE-49B0-4E2E-810C-6E3DDDAF024F}.Ad-Hoc|iPhone.Build.0 = Release|Any CPU
		{CE633AAE-49B0-4E2E-810C-6E3DDDAF024F}.Ad-Hoc|iPhone.Deploy.0 = Release|Any CPU
		{CE633AAE-49B0-4E2E-810C-6E3DDDAF024F}.Ad-Hoc|iPhoneSimulator.ActiveCfg = Release|Any CPU
		{CE633AAE-49B0-4E2E-810C-6E3DDDAF024F}.Ad-Hoc|iPhoneSimulator.Build.0 = Release|Any CPU
		{CE633AAE-49B0-4E2E-810C-6E3DDDAF024F}.Ad-Hoc|iPhoneSimulator.Deploy.0 = Release|Any CPU
		{CE633AAE-49B0-4E2E-810C-6E3DDDAF024F}.AppStore|Any CPU.ActiveCfg = Release|Any CPU
		{CE633AAE-49B0-4E2E-810C-6E3DDDAF024F}.AppStore|Any CPU.Build.0 = Release|Any CPU
		{CE633AAE-49B0-4E2E-810C-6E3DDDAF024F}.AppStore|Any CPU.Deploy.0 = Release|Any CPU
		{CE633AAE-49B0-4E2E-810C-6E3DDDAF024F}.AppStore|iPhone.ActiveCfg = Release|Any CPU
		{CE633AAE-49B0-4E2E-810C-6E3DDDAF024F}.AppStore|iPhone.Build.0 = Release|Any CPU
		{CE633AAE-49B0-4E2E-810C-6E3DDDAF024F}.AppStore|iPhone.Deploy.0 = Release|Any CPU
		{CE633AAE-49B0-4E2E-810C-6E3DDDAF024F}.AppStore|iPhoneSimulator.ActiveCfg = Release|Any CPU
		{CE633AAE-49B0-4E2E-810C-6E3DDDAF024F}.AppStore|iPhoneSimulator.Build.0 = Release|Any CPU
		{CE633AAE-49B0-4E2E-810C-6E3DDDAF024F}.AppStore|iPhoneSimulator.Deploy.0 = Release|Any CPU
		{CE633AAE-49B0-4E2E-810C-6E3DDDAF024F}.Debug|Any CPU.ActiveCfg = Debug|Any CPU
		{CE633AAE-49B0-4E2E-810C-6E3DDDAF024F}.Debug|Any CPU.Build.0 = Debug|Any CPU
		{CE633AAE-49B0-4E2E-810C-6E3DDDAF024F}.Debug|Any CPU.Deploy.0 = Debug|Any CPU
		{CE633AAE-49B0-4E2E-810C-6E3DDDAF024F}.Debug|iPhone.ActiveCfg = Debug|Any CPU
		{CE633AAE-49B0-4E2E-810C-6E3DDDAF024F}.Debug|iPhone.Build.0 = Debug|Any CPU
		{CE633AAE-49B0-4E2E-810C-6E3DDDAF024F}.Debug|iPhone.Deploy.0 = Debug|Any CPU
		{CE633AAE-49B0-4E2E-810C-6E3DDDAF024F}.Debug|iPhoneSimulator.ActiveCfg = Debug|Any CPU
		{CE633AAE-49B0-4E2E-810C-6E3DDDAF024F}.Debug|iPhoneSimulator.Build.0 = Debug|Any CPU
		{CE633AAE-49B0-4E2E-810C-6E3DDDAF024F}.Debug|iPhoneSimulator.Deploy.0 = Debug|Any CPU
		{CE633AAE-49B0-4E2E-810C-6E3DDDAF024F}.Release|Any CPU.ActiveCfg = Release|Any CPU
		{CE633AAE-49B0-4E2E-810C-6E3DDDAF024F}.Release|Any CPU.Build.0 = Release|Any CPU
		{CE633AAE-49B0-4E2E-810C-6E3DDDAF024F}.Release|Any CPU.Deploy.0 = Release|Any CPU
		{CE633AAE-49B0-4E2E-810C-6E3DDDAF024F}.Release|iPhone.ActiveCfg = Release|Any CPU
		{CE633AAE-49B0-4E2E-810C-6E3DDDAF024F}.Release|iPhone.Build.0 = Release|Any CPU
		{CE633AAE-49B0-4E2E-810C-6E3DDDAF024F}.Release|iPhone.Deploy.0 = Release|Any CPU
		{CE633AAE-49B0-4E2E-810C-6E3DDDAF024F}.Release|iPhoneSimulator.ActiveCfg = Release|Any CPU
		{CE633AAE-49B0-4E2E-810C-6E3DDDAF024F}.Release|iPhoneSimulator.Build.0 = Release|Any CPU
		{CE633AAE-49B0-4E2E-810C-6E3DDDAF024F}.Release|iPhoneSimulator.Deploy.0 = Release|Any CPU
		{6A786D45-F49D-4D90-AD2C-DD3EF61BBFD3}.Ad-Hoc|Any CPU.ActiveCfg = Ad-Hoc|iPhone
		{6A786D45-F49D-4D90-AD2C-DD3EF61BBFD3}.Ad-Hoc|iPhone.ActiveCfg = Ad-Hoc|iPhone
		{6A786D45-F49D-4D90-AD2C-DD3EF61BBFD3}.Ad-Hoc|iPhone.Build.0 = Ad-Hoc|iPhone
		{6A786D45-F49D-4D90-AD2C-DD3EF61BBFD3}.Ad-Hoc|iPhoneSimulator.ActiveCfg = Ad-Hoc|iPhoneSimulator
		{6A786D45-F49D-4D90-AD2C-DD3EF61BBFD3}.Ad-Hoc|iPhoneSimulator.Build.0 = Ad-Hoc|iPhoneSimulator
		{6A786D45-F49D-4D90-AD2C-DD3EF61BBFD3}.AppStore|Any CPU.ActiveCfg = AppStore|iPhone
		{6A786D45-F49D-4D90-AD2C-DD3EF61BBFD3}.AppStore|iPhone.ActiveCfg = AppStore|iPhone
		{6A786D45-F49D-4D90-AD2C-DD3EF61BBFD3}.AppStore|iPhone.Build.0 = AppStore|iPhone
		{6A786D45-F49D-4D90-AD2C-DD3EF61BBFD3}.AppStore|iPhoneSimulator.ActiveCfg = AppStore|iPhoneSimulator
		{6A786D45-F49D-4D90-AD2C-DD3EF61BBFD3}.AppStore|iPhoneSimulator.Build.0 = AppStore|iPhoneSimulator
		{6A786D45-F49D-4D90-AD2C-DD3EF61BBFD3}.Debug|Any CPU.ActiveCfg = Debug|iPhone
		{6A786D45-F49D-4D90-AD2C-DD3EF61BBFD3}.Debug|iPhone.ActiveCfg = Debug|iPhone
		{6A786D45-F49D-4D90-AD2C-DD3EF61BBFD3}.Debug|iPhone.Build.0 = Debug|iPhone
		{6A786D45-F49D-4D90-AD2C-DD3EF61BBFD3}.Debug|iPhoneSimulator.ActiveCfg = Debug|iPhoneSimulator
		{6A786D45-F49D-4D90-AD2C-DD3EF61BBFD3}.Debug|iPhoneSimulator.Build.0 = Debug|iPhoneSimulator
		{6A786D45-F49D-4D90-AD2C-DD3EF61BBFD3}.Release|Any CPU.ActiveCfg = Release|iPhone
		{6A786D45-F49D-4D90-AD2C-DD3EF61BBFD3}.Release|iPhone.ActiveCfg = Release|iPhone
		{6A786D45-F49D-4D90-AD2C-DD3EF61BBFD3}.Release|iPhone.Build.0 = Release|iPhone
		{6A786D45-F49D-4D90-AD2C-DD3EF61BBFD3}.Release|iPhoneSimulator.ActiveCfg = Release|iPhoneSimulator
		{6A786D45-F49D-4D90-AD2C-DD3EF61BBFD3}.Release|iPhoneSimulator.Build.0 = Release|iPhoneSimulator
	EndGlobalSection
	GlobalSection(SolutionProperties) = preSolution
		HideSolutionNode = FALSE
	EndGlobalSection
	GlobalSection(ExtensibilityGlobals) = postSolution
		SolutionGuid = {BE03AD03-6999-48ED-910C-8436E826434B}
	EndGlobalSection
EndGlobal
